// !$*UTF8*$!
{
	archiveVersion = 1;
	classes = {
	};
	objectVersion = 56;
	objects = {

/* Begin PBXBuildFile section */
		1A0BE9132981449A00463BAA /* APICaller.swift in Sources */ = {isa = PBXBuildFile; fileRef = 1A0BE9122981449A00463BAA /* APICaller.swift */; };
		1A0BE91529814F0B00463BAA /* Movie.swift in Sources */ = {isa = PBXBuildFile; fileRef = 1A0BE91429814F0B00463BAA /* Movie.swift */; };
		1A5B3997297FA72D00650076 /* AppDelegate.swift in Sources */ = {isa = PBXBuildFile; fileRef = 1A5B3996297FA72D00650076 /* AppDelegate.swift */; };
		1A5B3999297FA72D00650076 /* SceneDelegate.swift in Sources */ = {isa = PBXBuildFile; fileRef = 1A5B3998297FA72D00650076 /* SceneDelegate.swift */; };
		1A5B399B297FA72D00650076 /* MainTabBarViewController.swift in Sources */ = {isa = PBXBuildFile; fileRef = 1A5B399A297FA72D00650076 /* MainTabBarViewController.swift */; };
		1A5B39A0297FA72F00650076 /* Assets.xcassets in Resources */ = {isa = PBXBuildFile; fileRef = 1A5B399F297FA72F00650076 /* Assets.xcassets */; };
		1A5B39A3297FA72F00650076 /* LaunchScreen.storyboard in Resources */ = {isa = PBXBuildFile; fileRef = 1A5B39A1297FA72F00650076 /* LaunchScreen.storyboard */; };
		1A5B39AC297FAE7300650076 /* HomeViewController.swift in Sources */ = {isa = PBXBuildFile; fileRef = 1A5B39AB297FAE7300650076 /* HomeViewController.swift */; };
		1A5B39AE297FB18B00650076 /* UpcomingViewController.swift in Sources */ = {isa = PBXBuildFile; fileRef = 1A5B39AD297FB18B00650076 /* UpcomingViewController.swift */; };
		1A5B39B0297FB1D400650076 /* SearchViewController.swift in Sources */ = {isa = PBXBuildFile; fileRef = 1A5B39AF297FB1D400650076 /* SearchViewController.swift */; };
		1A5B39B2297FB22300650076 /* DownloadsViewController.swift in Sources */ = {isa = PBXBuildFile; fileRef = 1A5B39B1297FB22300650076 /* DownloadsViewController.swift */; };
		1A5B39B9297FE56900650076 /* CollectionViewTableViewCell.swift in Sources */ = {isa = PBXBuildFile; fileRef = 1A5B39B8297FE56900650076 /* CollectionViewTableViewCell.swift */; };
		1A5B39BB297FF84200650076 /* HeroHeaderUIView.swift in Sources */ = {isa = PBXBuildFile; fileRef = 1A5B39BA297FF84200650076 /* HeroHeaderUIView.swift */; };
		1AB9AC262982489100AE8935 /* Extensions.swift in Sources */ = {isa = PBXBuildFile; fileRef = 1AB9AC252982489100AE8935 /* Extensions.swift */; };
		1AB9AC2829824D1000AE8935 /* Tv.swift in Sources */ = {isa = PBXBuildFile; fileRef = 1AB9AC2729824D1000AE8935 /* Tv.swift */; };
/* End PBXBuildFile section */

/* Begin PBXFileReference section */
		1A0BE9122981449A00463BAA /* APICaller.swift */ = {isa = PBXFileReference; lastKnownFileType = sourcecode.swift; path = APICaller.swift; sourceTree = "<group>"; };
		1A0BE91429814F0B00463BAA /* Movie.swift */ = {isa = PBXFileReference; lastKnownFileType = sourcecode.swift; path = Movie.swift; sourceTree = "<group>"; };
		1A5B3993297FA72D00650076 /* netflix clone.app */ = {isa = PBXFileReference; explicitFileType = wrapper.application; includeInIndex = 0; path = "netflix clone.app"; sourceTree = BUILT_PRODUCTS_DIR; };
		1A5B3996297FA72D00650076 /* AppDelegate.swift */ = {isa = PBXFileReference; lastKnownFileType = sourcecode.swift; path = AppDelegate.swift; sourceTree = "<group>"; };
		1A5B3998297FA72D00650076 /* SceneDelegate.swift */ = {isa = PBXFileReference; lastKnownFileType = sourcecode.swift; path = SceneDelegate.swift; sourceTree = "<group>"; };
		1A5B399A297FA72D00650076 /* MainTabBarViewController.swift */ = {isa = PBXFileReference; lastKnownFileType = sourcecode.swift; path = MainTabBarViewController.swift; sourceTree = "<group>"; };
		1A5B399F297FA72F00650076 /* Assets.xcassets */ = {isa = PBXFileReference; lastKnownFileType = folder.assetcatalog; path = Assets.xcassets; sourceTree = "<group>"; };
		1A5B39A2297FA72F00650076 /* Base */ = {isa = PBXFileReference; lastKnownFileType = file.storyboard; name = Base; path = Base.lproj/LaunchScreen.storyboard; sourceTree = "<group>"; };
		1A5B39A4297FA72F00650076 /* Info.plist */ = {isa = PBXFileReference; lastKnownFileType = text.plist.xml; path = Info.plist; sourceTree = "<group>"; };
		1A5B39AB297FAE7300650076 /* HomeViewController.swift */ = {isa = PBXFileReference; lastKnownFileType = sourcecode.swift; path = HomeViewController.swift; sourceTree = "<group>"; };
		1A5B39AD297FB18B00650076 /* UpcomingViewController.swift */ = {isa = PBXFileReference; lastKnownFileType = sourcecode.swift; path = UpcomingViewController.swift; sourceTree = "<group>"; };
		1A5B39AF297FB1D400650076 /* SearchViewController.swift */ = {isa = PBXFileReference; lastKnownFileType = sourcecode.swift; path = SearchViewController.swift; sourceTree = "<group>"; };
		1A5B39B1297FB22300650076 /* DownloadsViewController.swift */ = {isa = PBXFileReference; lastKnownFileType = sourcecode.swift; path = DownloadsViewController.swift; sourceTree = "<group>"; };
		1A5B39B8297FE56900650076 /* CollectionViewTableViewCell.swift */ = {isa = PBXFileReference; lastKnownFileType = sourcecode.swift; path = CollectionViewTableViewCell.swift; sourceTree = "<group>"; };
		1A5B39BA297FF84200650076 /* HeroHeaderUIView.swift */ = {isa = PBXFileReference; lastKnownFileType = sourcecode.swift; path = HeroHeaderUIView.swift; sourceTree = "<group>"; };
		1AB9AC252982489100AE8935 /* Extensions.swift */ = {isa = PBXFileReference; lastKnownFileType = sourcecode.swift; path = Extensions.swift; sourceTree = "<group>"; };
		1AB9AC2729824D1000AE8935 /* Tv.swift */ = {isa = PBXFileReference; lastKnownFileType = sourcecode.swift; path = Tv.swift; sourceTree = "<group>"; };
/* End PBXFileReference section */

/* Begin PBXFrameworksBuildPhase section */
		1A5B3990297FA72D00650076 /* Frameworks */ = {
			isa = PBXFrameworksBuildPhase;
			buildActionMask = 2147483647;
			files = (
			);
			runOnlyForDeploymentPostprocessing = 0;
		};
/* End PBXFrameworksBuildPhase section */

/* Begin PBXGroup section */
		1A5B398A297FA72D00650076 = {
			isa = PBXGroup;
			children = (
				1A5B3995297FA72D00650076 /* netflix clone */,
				1A5B3994297FA72D00650076 /* Products */,
			);
			sourceTree = "<group>";
		};
		1A5B3994297FA72D00650076 /* Products */ = {
			isa = PBXGroup;
			children = (
				1A5B3993297FA72D00650076 /* netflix clone.app */,
			);
			name = Products;
			sourceTree = "<group>";
		};
		1A5B3995297FA72D00650076 /* netflix clone */ = {
			isa = PBXGroup;
			children = (
				1A5B39B7297FDCC600650076 /* Managers */,
				1A5B39B6297FDCB600650076 /* Resources */,
				1A5B39B3297FDC1800650076 /* Models */,
				1A5B39B4297FDC2400650076 /* Views */,
				1A5B39B5297FDC3C00650076 /* ViewwModels */,
				1A5B39AA297FAE1D00650076 /* Controllers */,
				1A5B3996297FA72D00650076 /* AppDelegate.swift */,
				1A5B3998297FA72D00650076 /* SceneDelegate.swift */,
				1A5B399A297FA72D00650076 /* MainTabBarViewController.swift */,
				1A5B399F297FA72F00650076 /* Assets.xcassets */,
				1A5B39A1297FA72F00650076 /* LaunchScreen.storyboard */,
				1A5B39A4297FA72F00650076 /* Info.plist */,
			);
			path = "netflix clone";
			sourceTree = "<group>";
		};
		1A5B39AA297FAE1D00650076 /* Controllers */ = {
			isa = PBXGroup;
			children = (
				1A5B39AB297FAE7300650076 /* HomeViewController.swift */,
				1A5B39AD297FB18B00650076 /* UpcomingViewController.swift */,
				1A5B39B1297FB22300650076 /* DownloadsViewController.swift */,
				1A5B39AF297FB1D400650076 /* SearchViewController.swift */,
			);
			path = Controllers;
			sourceTree = "<group>";
		};
		1A5B39B3297FDC1800650076 /* Models */ = {
			isa = PBXGroup;
			children = (
				1A0BE91429814F0B00463BAA /* Movie.swift */,
				1AB9AC2729824D1000AE8935 /* Tv.swift */,
			);
			path = Models;
			sourceTree = "<group>";
		};
		1A5B39B4297FDC2400650076 /* Views */ = {
			isa = PBXGroup;
			children = (
				1A5B39B8297FE56900650076 /* CollectionViewTableViewCell.swift */,
				1A5B39BA297FF84200650076 /* HeroHeaderUIView.swift */,
			);
			path = Views;
			sourceTree = "<group>";
		};
		1A5B39B5297FDC3C00650076 /* ViewwModels */ = {
			isa = PBXGroup;
			children = (
			);
			path = ViewwModels;
			sourceTree = "<group>";
		};
		1A5B39B6297FDCB600650076 /* Resources */ = {
			isa = PBXGroup;
			children = (
				1AB9AC252982489100AE8935 /* Extensions.swift */,
			);
			path = Resources;
			sourceTree = "<group>";
		};
		1A5B39B7297FDCC600650076 /* Managers */ = {
			isa = PBXGroup;
			children = (
				1A0BE9122981449A00463BAA /* APICaller.swift */,
			);
			path = Managers;
			sourceTree = "<group>";
		};
/* End PBXGroup section */

/* Begin PBXNativeTarget section */
		1A5B3992297FA72D00650076 /* netflix clone */ = {
			isa = PBXNativeTarget;
			buildConfigurationList = 1A5B39A7297FA72F00650076 /* Build configuration list for PBXNativeTarget "netflix clone" */;
			buildPhases = (
				1A5B398F297FA72D00650076 /* Sources */,
				1A5B3990297FA72D00650076 /* Frameworks */,
				1A5B3991297FA72D00650076 /* Resources */,
			);
			buildRules = (
			);
			dependencies = (
			);
			name = "netflix clone";
			productName = "netflix clone";
			productReference = 1A5B3993297FA72D00650076 /* netflix clone.app */;
			productType = "com.apple.product-type.application";
		};
/* End PBXNativeTarget section */

/* Begin PBXProject section */
		1A5B398B297FA72D00650076 /* Project object */ = {
			isa = PBXProject;
			attributes = {
				BuildIndependentTargetsInParallel = 1;
				LastSwiftUpdateCheck = 1420;
				LastUpgradeCheck = 1420;
				TargetAttributes = {
					1A5B3992297FA72D00650076 = {
						CreatedOnToolsVersion = 14.2;
					};
				};
			};
			buildConfigurationList = 1A5B398E297FA72D00650076 /* Build configuration list for PBXProject "netflix clone" */;
			compatibilityVersion = "Xcode 14.0";
			developmentRegion = en;
			hasScannedForEncodings = 0;
			knownRegions = (
				en,
				Base,
			);
			mainGroup = 1A5B398A297FA72D00650076;
			productRefGroup = 1A5B3994297FA72D00650076 /* Products */;
			projectDirPath = "";
			projectRoot = "";
			targets = (
				1A5B3992297FA72D00650076 /* netflix clone */,
			);
		};
/* End PBXProject section */

/* Begin PBXResourcesBuildPhase section */
		1A5B3991297FA72D00650076 /* Resources */ = {
			isa = PBXResourcesBuildPhase;
			buildActionMask = 2147483647;
			files = (
				1A5B39A3297FA72F00650076 /* LaunchScreen.storyboard in Resources */,
				1A5B39A0297FA72F00650076 /* Assets.xcassets in Resources */,
			);
			runOnlyForDeploymentPostprocessing = 0;
		};
/* End PBXResourcesBuildPhase section */

/* Begin PBXSourcesBuildPhase section */
		1A5B398F297FA72D00650076 /* Sources */ = {
			isa = PBXSourcesBuildPhase;
			buildActionMask = 2147483647;
			files = (
				1A5B39B0297FB1D400650076 /* SearchViewController.swift in Sources */,
				1A5B399B297FA72D00650076 /* MainTabBarViewController.swift in Sources */,
				1A5B39B9297FE56900650076 /* CollectionViewTableViewCell.swift in Sources */,
				1A0BE9132981449A00463BAA /* APICaller.swift in Sources */,
				1A5B39BB297FF84200650076 /* HeroHeaderUIView.swift in Sources */,
				1A5B39B2297FB22300650076 /* DownloadsViewController.swift in Sources */,
				1A5B3997297FA72D00650076 /* AppDelegate.swift in Sources */,
				1AB9AC262982489100AE8935 /* Extensions.swift in Sources */,
				1A5B3999297FA72D00650076 /* SceneDelegate.swift in Sources */,
				1A5B39AE297FB18B00650076 /* UpcomingViewController.swift in Sources */,
				1A0BE91529814F0B00463BAA /* Movie.swift in Sources */,
				1AB9AC2829824D1000AE8935 /* Tv.swift in Sources */,
				1A5B39AC297FAE7300650076 /* HomeViewController.swift in Sources */,
			);
			runOnlyForDeploymentPostprocessing = 0;
		};
/* End PBXSourcesBuildPhase section */

/* Begin PBXVariantGroup section */
		1A5B39A1297FA72F00650076 /* LaunchScreen.storyboard */ = {
			isa = PBXVariantGroup;
			children = (
				1A5B39A2297FA72F00650076 /* Base */,
			);
			name = LaunchScreen.storyboard;
			sourceTree = "<group>";
		};
/* End PBXVariantGroup section */

/* Begin XCBuildConfiguration section */
		1A5B39A5297FA72F00650076 /* Debug */ = {
			isa = XCBuildConfiguration;
			buildSettings = {
				ALWAYS_SEARCH_USER_PATHS = NO;
				CLANG_ANALYZER_NONNULL = YES;
				CLANG_ANALYZER_NUMBER_OBJECT_CONVERSION = YES_AGGRESSIVE;
				CLANG_CXX_LANGUAGE_STANDARD = "gnu++20";
				CLANG_ENABLE_MODULES = YES;
				CLANG_ENABLE_OBJC_ARC = YES;
				CLANG_ENABLE_OBJC_WEAK = YES;
				CLANG_WARN_BLOCK_CAPTURE_AUTORELEASING = YES;
				CLANG_WARN_BOOL_CONVERSION = YES;
				CLANG_WARN_COMMA = YES;
				CLANG_WARN_CONSTANT_CONVERSION = YES;
				CLANG_WARN_DEPRECATED_OBJC_IMPLEMENTATIONS = YES;
				CLANG_WARN_DIRECT_OBJC_ISA_USAGE = YES_ERROR;
				CLANG_WARN_DOCUMENTATION_COMMENTS = YES;
				CLANG_WARN_EMPTY_BODY = YES;
				CLANG_WARN_ENUM_CONVERSION = YES;
				CLANG_WARN_INFINITE_RECURSION = YES;
				CLANG_WARN_INT_CONVERSION = YES;
				CLANG_WARN_NON_LITERAL_NULL_CONVERSION = YES;
				CLANG_WARN_OBJC_IMPLICIT_RETAIN_SELF = YES;
				CLANG_WARN_OBJC_LITERAL_CONVERSION = YES;
				CLANG_WARN_OBJC_ROOT_CLASS = YES_ERROR;
				CLANG_WARN_QUOTED_INCLUDE_IN_FRAMEWORK_HEADER = YES;
				CLANG_WARN_RANGE_LOOP_ANALYSIS = YES;
				CLANG_WARN_STRICT_PROTOTYPES = YES;
				CLANG_WARN_SUSPICIOUS_MOVE = YES;
				CLANG_WARN_UNGUARDED_AVAILABILITY = YES_AGGRESSIVE;
				CLANG_WARN_UNREACHABLE_CODE = YES;
				CLANG_WARN__DUPLICATE_METHOD_MATCH = YES;
				COPY_PHASE_STRIP = NO;
				DEBUG_INFORMATION_FORMAT = dwarf;
				ENABLE_STRICT_OBJC_MSGSEND = YES;
				ENABLE_TESTABILITY = YES;
				GCC_C_LANGUAGE_STANDARD = gnu11;
				GCC_DYNAMIC_NO_PIC = NO;
				GCC_NO_COMMON_BLOCKS = YES;
				GCC_OPTIMIZATION_LEVEL = 0;
				GCC_PREPROCESSOR_DEFINITIONS = (
					"DEBUG=1",
					"$(inherited)",
				);
				GCC_WARN_64_TO_32_BIT_CONVERSION = YES;
				GCC_WARN_ABOUT_RETURN_TYPE = YES_ERROR;
				GCC_WARN_UNDECLARED_SELECTOR = YES;
				GCC_WARN_UNINITIALIZED_AUTOS = YES_AGGRESSIVE;
				GCC_WARN_UNUSED_FUNCTION = YES;
				GCC_WARN_UNUSED_VARIABLE = YES;
				IPHONEOS_DEPLOYMENT_TARGET = 16.2;
				MTL_ENABLE_DEBUG_INFO = INCLUDE_SOURCE;
				MTL_FAST_MATH = YES;
				ONLY_ACTIVE_ARCH = YES;
				SDKROOT = iphoneos;
				SWIFT_ACTIVE_COMPILATION_CONDITIONS = DEBUG;
				SWIFT_OPTIMIZATION_LEVEL = "-Onone";
			};
			name = Debug;
		};
		1A5B39A6297FA72F00650076 /* Release */ = {
			isa = XCBuildConfiguration;
			buildSettings = {
				ALWAYS_SEARCH_USER_PATHS = NO;
				CLANG_ANALYZER_NONNULL = YES;
				CLANG_ANALYZER_NUMBER_OBJECT_CONVERSION = YES_AGGRESSIVE;
				CLANG_CXX_LANGUAGE_STANDARD = "gnu++20";
				CLANG_ENABLE_MODULES = YES;
				CLANG_ENABLE_OBJC_ARC = YES;
				CLANG_ENABLE_OBJC_WEAK = YES;
				CLANG_WARN_BLOCK_CAPTURE_AUTORELEASING = YES;
				CLANG_WARN_BOOL_CONVERSION = YES;
				CLANG_WARN_COMMA = YES;
				CLANG_WARN_CONSTANT_CONVERSION = YES;
				CLANG_WARN_DEPRECATED_OBJC_IMPLEMENTATIONS = YES;
				CLANG_WARN_DIRECT_OBJC_ISA_USAGE = YES_ERROR;
				CLANG_WARN_DOCUMENTATION_COMMENTS = YES;
				CLANG_WARN_EMPTY_BODY = YES;
				CLANG_WARN_ENUM_CONVERSION = YES;
				CLANG_WARN_INFINITE_RECURSION = YES;
				CLANG_WARN_INT_CONVERSION = YES;
				CLANG_WARN_NON_LITERAL_NULL_CONVERSION = YES;
				CLANG_WARN_OBJC_IMPLICIT_RETAIN_SELF = YES;
				CLANG_WARN_OBJC_LITERAL_CONVERSION = YES;
				CLANG_WARN_OBJC_ROOT_CLASS = YES_ERROR;
				CLANG_WARN_QUOTED_INCLUDE_IN_FRAMEWORK_HEADER = YES;
				CLANG_WARN_RANGE_LOOP_ANALYSIS = YES;
				CLANG_WARN_STRICT_PROTOTYPES = YES;
				CLANG_WARN_SUSPICIOUS_MOVE = YES;
				CLANG_WARN_UNGUARDED_AVAILABILITY = YES_AGGRESSIVE;
				CLANG_WARN_UNREACHABLE_CODE = YES;
				CLANG_WARN__DUPLICATE_METHOD_MATCH = YES;
				COPY_PHASE_STRIP = NO;
				DEBUG_INFORMATION_FORMAT = "dwarf-with-dsym";
				ENABLE_NS_ASSERTIONS = NO;
				ENABLE_STRICT_OBJC_MSGSEND = YES;
				GCC_C_LANGUAGE_STANDARD = gnu11;
				GCC_NO_COMMON_BLOCKS = YES;
				GCC_WARN_64_TO_32_BIT_CONVERSION = YES;
				GCC_WARN_ABOUT_RETURN_TYPE = YES_ERROR;
				GCC_WARN_UNDECLARED_SELECTOR = YES;
				GCC_WARN_UNINITIALIZED_AUTOS = YES_AGGRESSIVE;
				GCC_WARN_UNUSED_FUNCTION = YES;
				GCC_WARN_UNUSED_VARIABLE = YES;
				IPHONEOS_DEPLOYMENT_TARGET = 16.2;
				MTL_ENABLE_DEBUG_INFO = NO;
				MTL_FAST_MATH = YES;
				SDKROOT = iphoneos;
				SWIFT_COMPILATION_MODE = wholemodule;
				SWIFT_OPTIMIZATION_LEVEL = "-O";
				VALIDATE_PRODUCT = YES;
			};
			name = Release;
		};
		1A5B39A8297FA72F00650076 /* Debug */ = {
			isa = XCBuildConfiguration;
			buildSettings = {
				ASSETCATALOG_COMPILER_APPICON_NAME = AppIcon;
				ASSETCATALOG_COMPILER_GLOBAL_ACCENT_COLOR_NAME = AccentColor;
				CODE_SIGN_STYLE = Automatic;
				CURRENT_PROJECT_VERSION = 1;
				GENERATE_INFOPLIST_FILE = YES;
				INFOPLIST_FILE = "netflix clone/Info.plist";
				INFOPLIST_KEY_UIApplicationSupportsIndirectInputEvents = YES;
				INFOPLIST_KEY_UILaunchStoryboardName = LaunchScreen;
				INFOPLIST_KEY_UISupportedInterfaceOrientations_iPad = "UIInterfaceOrientationPortrait UIInterfaceOrientationPortraitUpsideDown UIInterfaceOrientationLandscapeLeft UIInterfaceOrientationLandscapeRight";
				INFOPLIST_KEY_UISupportedInterfaceOrientations_iPhone = "UIInterfaceOrientationPortrait UIInterfaceOrientationLandscapeLeft UIInterfaceOrientationLandscapeRight";
				LD_RUNPATH_SEARCH_PATHS = (
					"$(inherited)",
					"@executable_path/Frameworks",
				);
				MARKETING_VERSION = 1.0;
				PRODUCT_BUNDLE_IDENTIFIER = "com.sadi.netflix-clone";
				PRODUCT_NAME = "$(TARGET_NAME)";
				SWIFT_EMIT_LOC_STRINGS = YES;
				SWIFT_VERSION = 5.0;
				TARGETED_DEVICE_FAMILY = "1,2";
			};
			name = Debug;
		};
		1A5B39A9297FA72F00650076 /* Release */ = {
			isa = XCBuildConfiguration;
			buildSettings = {
				ASSETCATALOG_COMPILER_APPICON_NAME = AppIcon;
				ASSETCATALOG_COMPILER_GLOBAL_ACCENT_COLOR_NAME = AccentColor;
				CODE_SIGN_STYLE = Automatic;
				CURRENT_PROJECT_VERSION = 1;
				GENERATE_INFOPLIST_FILE = YES;
				INFOPLIST_FILE = "netflix clone/Info.plist";
				INFOPLIST_KEY_UIApplicationSupportsIndirectInputEvents = YES;
				INFOPLIST_KEY_UILaunchStoryboardName = LaunchScreen;
				INFOPLIST_KEY_UISupportedInterfaceOrientations_iPad = "UIInterfaceOrientationPortrait UIInterfaceOrientationPortraitUpsideDown UIInterfaceOrientationLandscapeLeft UIInterfaceOrientationLandscapeRight";
				INFOPLIST_KEY_UISupportedInterfaceOrientations_iPhone = "UIInterfaceOrientationPortrait UIInterfaceOrientationLandscapeLeft UIInterfaceOrientationLandscapeRight";
				LD_RUNPATH_SEARCH_PATHS = (
					"$(inherited)",
					"@executable_path/Frameworks",
				);
				MARKETING_VERSION = 1.0;
				PRODUCT_BUNDLE_IDENTIFIER = "com.sadi.netflix-clone";
				PRODUCT_NAME = "$(TARGET_NAME)";
				SWIFT_EMIT_LOC_STRINGS = YES;
				SWIFT_VERSION = 5.0;
				TARGETED_DEVICE_FAMILY = "1,2";
			};
			name = Release;
		};
/* End XCBuildConfiguration section */

/* Begin XCConfigurationList section */
		1A5B398E297FA72D00650076 /* Build configuration list for PBXProject "netflix clone" */ = {
			isa = XCConfigurationList;
			buildConfigurations = (
				1A5B39A5297FA72F00650076 /* Debug */,
				1A5B39A6297FA72F00650076 /* Release */,
			);
			defaultConfigurationIsVisible = 0;
			defaultConfigurationName = Release;
		};
		1A5B39A7297FA72F00650076 /* Build configuration list for PBXNativeTarget "netflix clone" */ = {
			isa = XCConfigurationList;
			buildConfigurations = (
				1A5B39A8297FA72F00650076 /* Debug */,
				1A5B39A9297FA72F00650076 /* Release */,
			);
			defaultConfigurationIsVisible = 0;
			defaultConfigurationName = Release;
		};
/* End XCConfigurationList section */
	};
	rootObject = 1A5B398B297FA72D00650076 /* Project object */;
}
